
Microsoft Visual Studio Solution File, Format Version 12.00
# Visual Studio Version 17
VisualStudioVersion = 17.11.35222.181
MinimumVisualStudioVersion = 10.0.40219.1
Project("{2150E333-8FDC-42A3-9474-1A3956D46DE8}") = "src", "src", "{6E3A74B0-77F6-4EF4-AE52-B564E605ACD4}"
EndProject
Project("{2150E333-8FDC-42A3-9474-1A3956D46DE8}") = "catalog", "catalog", "{F8B6C6AD-79EB-4E6F-B4A5-F10ADCA4C7A3}"
EndProject
Project("{9A19103F-16F7-4668-BE54-9A1E7A4F7556}") = "CourseSales.Catalog.Api", "CourseSales.Catalog.Api\CourseSales.Catalog.Api.csproj", "{0F76C156-7CC1-4012-A6FB-CD1A655B166E}"
EndProject
Project("{E53339B2-1760-4266-BCC7-CA923CBCF16C}") = "docker-compose", "docker-compose.dcproj", "{144C8CAE-73AC-4FDD-8014-BF4DA1F93D1B}"
EndProject
Project("{2150E333-8FDC-42A3-9474-1A3956D46DE8}") = "shared", "shared", "{C02508BA-716A-4078-973E-25D29983DB97}"
EndProject
Project("{FAE04EC0-301F-11D3-BF4B-00C04F79EFBC}") = "CourseSales.Shared", "CourseSales.Shared\CourseSales.Shared.csproj", "{BA1082E3-B45E-4164-8933-98A1D0236080}"
EndProject
Project("{2150E333-8FDC-42A3-9474-1A3956D46DE8}") = "basket", "basket", "{7A53F26E-A681-4B72-9369-B34AC23DB591}"
EndProject
Project("{FAE04EC0-301F-11D3-BF4B-00C04F79EFBC}") = "CourseSales.Basket.Api", "CourseSales.Basket.Api\CourseSales.Basket.Api.csproj", "{1A871610-34D5-4177-A30E-05F9D1F74624}"
EndProject
Project("{2150E333-8FDC-42A3-9474-1A3956D46DE8}") = "discount", "discount", "{E3A1064C-38FD-4509-BC2D-B4B60DE30E28}"
EndProject
Project("{FAE04EC0-301F-11D3-BF4B-00C04F79EFBC}") = "CourseSales.Discount.Api", "CourseSales.Discount.Api\CourseSales.Discount.Api.csproj", "{8ACCA6A2-1380-46AE-8613-EAC27E898288}"
EndProject
Project("{2150E333-8FDC-42A3-9474-1A3956D46DE8}") = "file", "file", "{E9ADE4C7-71E1-4473-BE28-0FF143512B30}"
EndProject
Project("{FAE04EC0-301F-11D3-BF4B-00C04F79EFBC}") = "CourseSales.File.Api", "CourseSales.File.Api\CourseSales.File.Api.csproj", "{6FE031BB-41A1-400D-A510-9A8D5BF9573D}"
EndProject
Project("{2150E333-8FDC-42A3-9474-1A3956D46DE8}") = "order", "order", "{F54E699C-25C5-4B07-8C02-6FE347BF65FB}"
EndProject
Project("{FAE04EC0-301F-11D3-BF4B-00C04F79EFBC}") = "CourseSales.Order.Api", "CourseSales.Order.Api\CourseSales.Order.Api.csproj", "{4B185D51-EC8F-4A5E-8A7E-F99E63BFEC37}"
EndProject
Project("{2150E333-8FDC-42A3-9474-1A3956D46DE8}") = "api", "api", "{65F6A509-1A52-4044-81DD-D775ADFB653D}"
EndProject
Project("{2150E333-8FDC-42A3-9474-1A3956D46DE8}") = "core", "core", "{DD0DA106-0BE7-45C4-9593-618059954188}"
EndProject
Project("{2150E333-8FDC-42A3-9474-1A3956D46DE8}") = "infrastructure", "infrastructure", "{653A7367-4BDC-44BE-AA23-BB35D2302DF0}"
EndProject
Project("{FAE04EC0-301F-11D3-BF4B-00C04F79EFBC}") = "CourseSales.Order.Domain", "CourseSales.Order.Domain\CourseSales.Order.Domain.csproj", "{52ABDA80-4634-442A-B72C-8302F7206B87}"
EndProject
Project("{FAE04EC0-301F-11D3-BF4B-00C04F79EFBC}") = "CourseSales.Order.Persistence", "CourseSales.Order.Persistence\CourseSales.Order.Persistence.csproj", "{CB4302B6-3B16-4AED-B177-FF75FDFCB34D}"
EndProject
Project("{FAE04EC0-301F-11D3-BF4B-00C04F79EFBC}") = "CourseSales.Order.Application", "CourseSales.Order.Application\CourseSales.Order.Application.csproj", "{E404621F-3D9A-462D-B5B5-FEEDBC0E0371}"
EndProject
Project("{2150E333-8FDC-42A3-9474-1A3956D46DE8}") = "payment", "payment", "{02EA681E-C7D8-13C7-8484-4AC65E1B71E8}"
EndProject
Project("{FAE04EC0-301F-11D3-BF4B-00C04F79EFBC}") = "CourseSales.Payment.Api", "CourseSales.Payment.Api\CourseSales.Payment.Api.csproj", "{8FE425B2-9081-42D3-8285-49E0B7B867BC}"
EndProject
Project("{2150E333-8FDC-42A3-9474-1A3956D46DE8}") = "gateway", "gateway", "{FDEC0002-7BB4-49A4-B670-A44E91338771}"
EndProject
Project("{FAE04EC0-301F-11D3-BF4B-00C04F79EFBC}") = "CourseSales.Gateway", "CourseSales.Gateway\CourseSales.Gateway.csproj", "{D537A1E7-D032-4859-8A68-4FD7154EDEFC}"
EndProject
Project("{FAE04EC0-301F-11D3-BF4B-00C04F79EFBC}") = "CourseSales.Bus", "CourseSales.Bus\CourseSales.Bus.csproj", "{C177CA92-6709-4212-95E5-699A3AFCF605}"
EndProject
Project("{2150E333-8FDC-42A3-9474-1A3956D46DE8}") = "ui", "ui", "{BA00EF33-58B9-4C2E-96D7-BEBA0A661F99}"
EndProject
Project("{FAE04EC0-301F-11D3-BF4B-00C04F79EFBC}") = "CourseSales.Web", "CourseSales.Web\CourseSales.Web.csproj", "{29302471-AD20-4502-82E6-F669FEFA2B2D}"
EndProject
Project("{FAE04EC0-301F-11D3-BF4B-00C04F79EFBC}") = "CourseSales.AppHost", "CourseSales.AppHost\CourseSales.AppHost.csproj", "{11706578-736E-4186-BF08-D6E2C897932C}"
EndProject
Project("{FAE04EC0-301F-11D3-BF4B-00C04F79EFBC}") = "CourseSales.ServiceDefaults", "CourseSales.ServiceDefaults\CourseSales.ServiceDefaults.csproj", "{66AAC084-08FA-96BE-824E-E3A0B4F3F5A3}"
EndProject
Global
	GlobalSection(SolutionConfigurationPlatforms) = preSolution
		Debug|Any CPU = Debug|Any CPU
		Release|Any CPU = Release|Any CPU
	EndGlobalSection
	GlobalSection(ProjectConfigurationPlatforms) = postSolution
		{0F76C156-7CC1-4012-A6FB-CD1A655B166E}.Debug|Any CPU.ActiveCfg = Debug|Any CPU
		{0F76C156-7CC1-4012-A6FB-CD1A655B166E}.Debug|Any CPU.Build.0 = Debug|Any CPU
		{0F76C156-7CC1-4012-A6FB-CD1A655B166E}.Release|Any CPU.ActiveCfg = Release|Any CPU
		{0F76C156-7CC1-4012-A6FB-CD1A655B166E}.Release|Any CPU.Build.0 = Release|Any CPU
		{144C8CAE-73AC-4FDD-8014-BF4DA1F93D1B}.Debug|Any CPU.ActiveCfg = Debug|Any CPU
		{144C8CAE-73AC-4FDD-8014-BF4DA1F93D1B}.Debug|Any CPU.Build.0 = Debug|Any CPU
		{144C8CAE-73AC-4FDD-8014-BF4DA1F93D1B}.Release|Any CPU.ActiveCfg = Release|Any CPU
		{144C8CAE-73AC-4FDD-8014-BF4DA1F93D1B}.Release|Any CPU.Build.0 = Release|Any CPU
		{BA1082E3-B45E-4164-8933-98A1D0236080}.Debug|Any CPU.ActiveCfg = Debug|Any CPU
		{BA1082E3-B45E-4164-8933-98A1D0236080}.Debug|Any CPU.Build.0 = Debug|Any CPU
		{BA1082E3-B45E-4164-8933-98A1D0236080}.Release|Any CPU.ActiveCfg = Release|Any CPU
		{BA1082E3-B45E-4164-8933-98A1D0236080}.Release|Any CPU.Build.0 = Release|Any CPU
		{1A871610-34D5-4177-A30E-05F9D1F74624}.Debug|Any CPU.ActiveCfg = Debug|Any CPU
		{1A871610-34D5-4177-A30E-05F9D1F74624}.Debug|Any CPU.Build.0 = Debug|Any CPU
		{1A871610-34D5-4177-A30E-05F9D1F74624}.Release|Any CPU.ActiveCfg = Release|Any CPU
		{1A871610-34D5-4177-A30E-05F9D1F74624}.Release|Any CPU.Build.0 = Release|Any CPU
		{8ACCA6A2-1380-46AE-8613-EAC27E898288}.Debug|Any CPU.ActiveCfg = Debug|Any CPU
		{8ACCA6A2-1380-46AE-8613-EAC27E898288}.Debug|Any CPU.Build.0 = Debug|Any CPU
		{8ACCA6A2-1380-46AE-8613-EAC27E898288}.Release|Any CPU.ActiveCfg = Release|Any CPU
		{8ACCA6A2-1380-46AE-8613-EAC27E898288}.Release|Any CPU.Build.0 = Release|Any CPU
		{6FE031BB-41A1-400D-A510-9A8D5BF9573D}.Debug|Any CPU.ActiveCfg = Debug|Any CPU
		{6FE031BB-41A1-400D-A510-9A8D5BF9573D}.Debug|Any CPU.Build.0 = Debug|Any CPU
		{6FE031BB-41A1-400D-A510-9A8D5BF9573D}.Release|Any CPU.ActiveCfg = Release|Any CPU
		{6FE031BB-41A1-400D-A510-9A8D5BF9573D}.Release|Any CPU.Build.0 = Release|Any CPU
		{4B185D51-EC8F-4A5E-8A7E-F99E63BFEC37}.Debug|Any CPU.ActiveCfg = Debug|Any CPU
		{4B185D51-EC8F-4A5E-8A7E-F99E63BFEC37}.Debug|Any CPU.Build.0 = Debug|Any CPU
		{4B185D51-EC8F-4A5E-8A7E-F99E63BFEC37}.Release|Any CPU.ActiveCfg = Release|Any CPU
		{4B185D51-EC8F-4A5E-8A7E-F99E63BFEC37}.Release|Any CPU.Build.0 = Release|Any CPU
		{52ABDA80-4634-442A-B72C-8302F7206B87}.Debug|Any CPU.ActiveCfg = Debug|Any CPU
		{52ABDA80-4634-442A-B72C-8302F7206B87}.Debug|Any CPU.Build.0 = Debug|Any CPU
		{52ABDA80-4634-442A-B72C-8302F7206B87}.Release|Any CPU.ActiveCfg = Release|Any CPU
		{52ABDA80-4634-442A-B72C-8302F7206B87}.Release|Any CPU.Build.0 = Release|Any CPU
		{CB4302B6-3B16-4AED-B177-FF75FDFCB34D}.Debug|Any CPU.ActiveCfg = Debug|Any CPU
		{CB4302B6-3B16-4AED-B177-FF75FDFCB34D}.Debug|Any CPU.Build.0 = Debug|Any CPU
		{CB4302B6-3B16-4AED-B177-FF75FDFCB34D}.Release|Any CPU.ActiveCfg = Release|Any CPU
		{CB4302B6-3B16-4AED-B177-FF75FDFCB34D}.Release|Any CPU.Build.0 = Release|Any CPU
		{E404621F-3D9A-462D-B5B5-FEEDBC0E0371}.Debug|Any CPU.ActiveCfg = Debug|Any CPU
		{E404621F-3D9A-462D-B5B5-FEEDBC0E0371}.Debug|Any CPU.Build.0 = Debug|Any CPU
		{E404621F-3D9A-462D-B5B5-FEEDBC0E0371}.Release|Any CPU.ActiveCfg = Release|Any CPU
		{E404621F-3D9A-462D-B5B5-FEEDBC0E0371}.Release|Any CPU.Build.0 = Release|Any CPU
		{8FE425B2-9081-42D3-8285-49E0B7B867BC}.Debug|Any CPU.ActiveCfg = Debug|Any CPU
		{8FE425B2-9081-42D3-8285-49E0B7B867BC}.Debug|Any CPU.Build.0 = Debug|Any CPU
		{8FE425B2-9081-42D3-8285-49E0B7B867BC}.Release|Any CPU.ActiveCfg = Release|Any CPU
		{8FE425B2-9081-42D3-8285-49E0B7B867BC}.Release|Any CPU.Build.0 = Release|Any CPU
		{D537A1E7-D032-4859-8A68-4FD7154EDEFC}.Debug|Any CPU.ActiveCfg = Debug|Any CPU
		{D537A1E7-D032-4859-8A68-4FD7154EDEFC}.Debug|Any CPU.Build.0 = Debug|Any CPU
		{D537A1E7-D032-4859-8A68-4FD7154EDEFC}.Release|Any CPU.ActiveCfg = Release|Any CPU
		{D537A1E7-D032-4859-8A68-4FD7154EDEFC}.Release|Any CPU.Build.0 = Release|Any CPU
		{C177CA92-6709-4212-95E5-699A3AFCF605}.Debug|Any CPU.ActiveCfg = Debug|Any CPU
		{C177CA92-6709-4212-95E5-699A3AFCF605}.Debug|Any CPU.Build.0 = Debug|Any CPU
		{C177CA92-6709-4212-95E5-699A3AFCF605}.Release|Any CPU.ActiveCfg = Release|Any CPU
		{C177CA92-6709-4212-95E5-699A3AFCF605}.Release|Any CPU.Build.0 = Release|Any CPU
		{29302471-AD20-4502-82E6-F669FEFA2B2D}.Debug|Any CPU.ActiveCfg = Debug|Any CPU
		{29302471-AD20-4502-82E6-F669FEFA2B2D}.Debug|Any CPU.Build.0 = Debug|Any CPU
		{29302471-AD20-4502-82E6-F669FEFA2B2D}.Release|Any CPU.ActiveCfg = Release|Any CPU
		{29302471-AD20-4502-82E6-F669FEFA2B2D}.Release|Any CPU.Build.0 = Release|Any CPU
		{11706578-736E-4186-BF08-D6E2C897932C}.Debug|Any CPU.ActiveCfg = Debug|Any CPU
		{11706578-736E-4186-BF08-D6E2C897932C}.Debug|Any CPU.Build.0 = Debug|Any CPU
		{11706578-736E-4186-BF08-D6E2C897932C}.Release|Any CPU.ActiveCfg = Release|Any CPU
		{11706578-736E-4186-BF08-D6E2C897932C}.Release|Any CPU.Build.0 = Release|Any CPU
		{66AAC084-08FA-96BE-824E-E3A0B4F3F5A3}.Debug|Any CPU.ActiveCfg = Debug|Any CPU
		{66AAC084-08FA-96BE-824E-E3A0B4F3F5A3}.Debug|Any CPU.Build.0 = Debug|Any CPU
		{66AAC084-08FA-96BE-824E-E3A0B4F3F5A3}.Release|Any CPU.ActiveCfg = Release|Any CPU
		{66AAC084-08FA-96BE-824E-E3A0B4F3F5A3}.Release|Any CPU.Build.0 = Release|Any CPU
	EndGlobalSection
	GlobalSection(SolutionProperties) = preSolution
		HideSolutionNode = FALSE
	EndGlobalSection
	GlobalSection(NestedProjects) = preSolution
		{F8B6C6AD-79EB-4E6F-B4A5-F10ADCA4C7A3} = {6E3A74B0-77F6-4EF4-AE52-B564E605ACD4}
		{0F76C156-7CC1-4012-A6FB-CD1A655B166E} = {F8B6C6AD-79EB-4E6F-B4A5-F10ADCA4C7A3}
		{C02508BA-716A-4078-973E-25D29983DB97} = {6E3A74B0-77F6-4EF4-AE52-B564E605ACD4}
		{BA1082E3-B45E-4164-8933-98A1D0236080} = {C02508BA-716A-4078-973E-25D29983DB97}
		{7A53F26E-A681-4B72-9369-B34AC23DB591} = {6E3A74B0-77F6-4EF4-AE52-B564E605ACD4}
		{1A871610-34D5-4177-A30E-05F9D1F74624} = {7A53F26E-A681-4B72-9369-B34AC23DB591}
		{E3A1064C-38FD-4509-BC2D-B4B60DE30E28} = {6E3A74B0-77F6-4EF4-AE52-B564E605ACD4}
		{8ACCA6A2-1380-46AE-8613-EAC27E898288} = {E3A1064C-38FD-4509-BC2D-B4B60DE30E28}
		{E9ADE4C7-71E1-4473-BE28-0FF143512B30} = {6E3A74B0-77F6-4EF4-AE52-B564E605ACD4}
		{6FE031BB-41A1-400D-A510-9A8D5BF9573D} = {E9ADE4C7-71E1-4473-BE28-0FF143512B30}
		{F54E699C-25C5-4B07-8C02-6FE347BF65FB} = {6E3A74B0-77F6-4EF4-AE52-B564E605ACD4}
		{4B185D51-EC8F-4A5E-8A7E-F99E63BFEC37} = {65F6A509-1A52-4044-81DD-D775ADFB653D}
		{65F6A509-1A52-4044-81DD-D775ADFB653D} = {F54E699C-25C5-4B07-8C02-6FE347BF65FB}
		{DD0DA106-0BE7-45C4-9593-618059954188} = {F54E699C-25C5-4B07-8C02-6FE347BF65FB}
		{653A7367-4BDC-44BE-AA23-BB35D2302DF0} = {F54E699C-25C5-4B07-8C02-6FE347BF65FB}
		{52ABDA80-4634-442A-B72C-8302F7206B87} = {DD0DA106-0BE7-45C4-9593-618059954188}
		{CB4302B6-3B16-4AED-B177-FF75FDFCB34D} = {653A7367-4BDC-44BE-AA23-BB35D2302DF0}
		{E404621F-3D9A-462D-B5B5-FEEDBC0E0371} = {DD0DA106-0BE7-45C4-9593-618059954188}
		{02EA681E-C7D8-13C7-8484-4AC65E1B71E8} = {6E3A74B0-77F6-4EF4-AE52-B564E605ACD4}
		{8FE425B2-9081-42D3-8285-49E0B7B867BC} = {02EA681E-C7D8-13C7-8484-4AC65E1B71E8}
		{FDEC0002-7BB4-49A4-B670-A44E91338771} = {6E3A74B0-77F6-4EF4-AE52-B564E605ACD4}
		{D537A1E7-D032-4859-8A68-4FD7154EDEFC} = {FDEC0002-7BB4-49A4-B670-A44E91338771}
		{C177CA92-6709-4212-95E5-699A3AFCF605} = {C02508BA-716A-4078-973E-25D29983DB97}
		{BA00EF33-58B9-4C2E-96D7-BEBA0A661F99} = {6E3A74B0-77F6-4EF4-AE52-B564E605ACD4}
		{29302471-AD20-4502-82E6-F669FEFA2B2D} = {BA00EF33-58B9-4C2E-96D7-BEBA0A661F99}
	EndGlobalSection
	GlobalSection(ExtensibilityGlobals) = postSolution
		SolutionGuid = {F81598A4-0889-415A-9C04-442E1F01F2D4}
	EndGlobalSection
EndGlobal
